
Microsoft Visual Studio Solution File, Format Version 12.00
# Visual Studio Version 17
VisualStudioVersion = 17.9.34622.214
MinimumVisualStudioVersion = 10.0.40219.1
Project("{9A19103F-16F7-4668-BE54-9A1E7A4F7556}") = "FreeLancer.Api", "FreeLancerApi\FreeLancer.Api.csproj", "{CAF88356-0C54-4DA5-B482-BE3AF1B3E265}"
EndProject
Project("{9A19103F-16F7-4668-BE54-9A1E7A4F7556}") = "FreeLancer.Models", "FreeLancer.Models\FreeLancer.Models.csproj", "{42FBD494-76AD-491F-9D09-32DBFF01F161}"
EndProject
Project("{9A19103F-16F7-4668-BE54-9A1E7A4F7556}") = "FreeLancer.Infrastructure", "FreeLancer.Infrastructure\FreeLancer.Infrastructure.csproj", "{1591B631-C772-4659-89CE-ABA9B8A38196}"
EndProject
Project("{9A19103F-16F7-4668-BE54-9A1E7A4F7556}") = "FreeLancer.Services", "FreeLancer.Services\FreeLancer.Services.csproj", "{F1421154-3F45-40AF-8699-4C594060A4C2}"
EndProject
Global
	GlobalSection(SolutionConfigurationPlatforms) = preSolution
		Debug|Any CPU = Debug|Any CPU
		Release|Any CPU = Release|Any CPU
	EndGlobalSection
	GlobalSection(ProjectConfigurationPlatforms) = postSolution
		{CAF88356-0C54-4DA5-B482-BE3AF1B3E265}.Debug|Any CPU.ActiveCfg = Debug|Any CPU
		{CAF88356-0C54-4DA5-B482-BE3AF1B3E265}.Debug|Any CPU.Build.0 = Debug|Any CPU
		{CAF88356-0C54-4DA5-B482-BE3AF1B3E265}.Release|Any CPU.ActiveCfg = Release|Any CPU
		{CAF88356-0C54-4DA5-B482-BE3AF1B3E265}.Release|Any CPU.Build.0 = Release|Any CPU
		{42FBD494-76AD-491F-9D09-32DBFF01F161}.Debug|Any CPU.ActiveCfg = Debug|Any CPU
		{42FBD494-76AD-491F-9D09-32DBFF01F161}.Debug|Any CPU.Build.0 = Debug|Any CPU
		{42FBD494-76AD-491F-9D09-32DBFF01F161}.Release|Any CPU.ActiveCfg = Release|Any CPU
		{42FBD494-76AD-491F-9D09-32DBFF01F161}.Release|Any CPU.Build.0 = Release|Any CPU
		{1591B631-C772-4659-89CE-ABA9B8A38196}.Debug|Any CPU.ActiveCfg = Debug|Any CPU
		{1591B631-C772-4659-89CE-ABA9B8A38196}.Debug|Any CPU.Build.0 = Debug|Any CPU
		{1591B631-C772-4659-89CE-ABA9B8A38196}.Release|Any CPU.ActiveCfg = Release|Any CPU
		{1591B631-C772-4659-89CE-ABA9B8A38196}.Release|Any CPU.Build.0 = Release|Any CPU
		{F1421154-3F45-40AF-8699-4C594060A4C2}.Debug|Any CPU.ActiveCfg = Debug|Any CPU
		{F1421154-3F45-40AF-8699-4C594060A4C2}.Debug|Any CPU.Build.0 = Debug|Any CPU
		{F1421154-3F45-40AF-8699-4C594060A4C2}.Release|Any CPU.ActiveCfg = Release|Any CPU
		{F1421154-3F45-40AF-8699-4C594060A4C2}.Release|Any CPU.Build.0 = Release|Any CPU
	EndGlobalSection
	GlobalSection(SolutionProperties) = preSolution
		HideSolutionNode = FALSE
	EndGlobalSection
	GlobalSection(ExtensibilityGlobals) = postSolution
		SolutionGuid = {356C2FC5-3AC7-45A0-B565-D40E442BD370}
	EndGlobalSection
EndGlobal
